
Microsoft Visual Studio Solution File, Format Version 12.00
# Visual Studio 14
VisualStudioVersion = 14.0.23107.0
MinimumVisualStudioVersion = 10.0.40219.1
Project("{FAE04EC0-301F-11D3-BF4B-00C04F79EFBC}") = "PresentationLayer", "PresentationLayer\PresentationLayer.csproj", "{CB3408FC-29EC-4119-96FD-F03012209C40}"
EndProject
Project("{FAE04EC0-301F-11D3-BF4B-00C04F79EFBC}") = "BusinessLogicLayer", "BusinessLogicLayer\BusinessLogicLayer.csproj", "{1F4CB34B-0EF9-4DD3-826F-FEA9FF7A494D}"
EndProject
Project("{FAE04EC0-301F-11D3-BF4B-00C04F79EFBC}") = "Utility", "Utility\Utility.csproj", "{3E31A7C1-65EE-4B24-B0E7-42EFC11DFAD9}"
EndProject
Project("{FAE04EC0-301F-11D3-BF4B-00C04F79EFBC}") = "DataAccessLayer", "DataAccessLayer\DataAccessLayer.csproj", "{B37666D2-F2FA-4953-A03A-50E91F824639}"
EndProject
Global
	GlobalSection(SolutionConfigurationPlatforms) = preSolution
		Debug|Any CPU = Debug|Any CPU
		Release|Any CPU = Release|Any CPU
	EndGlobalSection
	GlobalSection(ProjectConfigurationPlatforms) = postSolution
		{CB3408FC-29EC-4119-96FD-F03012209C40}.Debug|Any CPU.ActiveCfg = Debug|Any CPU
		{CB3408FC-29EC-4119-96FD-F03012209C40}.Debug|Any CPU.Build.0 = Debug|Any CPU
		{CB3408FC-29EC-4119-96FD-F03012209C40}.Release|Any CPU.ActiveCfg = Release|Any CPU
		{CB3408FC-29EC-4119-96FD-F03012209C40}.Release|Any CPU.Build.0 = Release|Any CPU
		{1F4CB34B-0EF9-4DD3-826F-FEA9FF7A494D}.Debug|Any CPU.ActiveCfg = Debug|Any CPU
		{1F4CB34B-0EF9-4DD3-826F-FEA9FF7A494D}.Debug|Any CPU.Build.0 = Debug|Any CPU
		{1F4CB34B-0EF9-4DD3-826F-FEA9FF7A494D}.Release|Any CPU.ActiveCfg = Release|Any CPU
		{1F4CB34B-0EF9-4DD3-826F-FEA9FF7A494D}.Release|Any CPU.Build.0 = Release|Any CPU
		{3E31A7C1-65EE-4B24-B0E7-42EFC11DFAD9}.Debug|Any CPU.ActiveCfg = Debug|Any CPU
		{3E31A7C1-65EE-4B24-B0E7-42EFC11DFAD9}.Debug|Any CPU.Build.0 = Debug|Any CPU
		{3E31A7C1-65EE-4B24-B0E7-42EFC11DFAD9}.Release|Any CPU.ActiveCfg = Release|Any CPU
		{3E31A7C1-65EE-4B24-B0E7-42EFC11DFAD9}.Release|Any CPU.Build.0 = Release|Any CPU
		{B37666D2-F2FA-4953-A03A-50E91F824639}.Debug|Any CPU.ActiveCfg = Debug|Any CPU
		{B37666D2-F2FA-4953-A03A-50E91F824639}.Debug|Any CPU.Build.0 = Debug|Any CPU
		{B37666D2-F2FA-4953-A03A-50E91F824639}.Release|Any CPU.ActiveCfg = Release|Any CPU
		{B37666D2-F2FA-4953-A03A-50E91F824639}.Release|Any CPU.Build.0 = Release|Any CPU
	EndGlobalSection
	GlobalSection(SolutionProperties) = preSolution
		HideSolutionNode = FALSE
	EndGlobalSection
EndGlobal
